{
  "lockfileVersion": 1,
  "workspaces": {
    "": {
      "devDependencies": {
        "prettier": "^3.6.2",
        "prettier-plugin-go-template": "^0.0.15",
      },
    },
  },
  "packages": {
    "prettier": ["prettier@3.6.2", "", { "bin": { "prettier": "bin/prettier.cjs" } }, "sha512-I7AIg5boAr5R0FFtJ6rCfD+LFsWHp81dolrFD8S79U9tb8Az2nGrJncnMSnys+bpQJfRUzqs9hnA81OAA3hCuQ=="],

    "prettier-plugin-go-template": ["prettier-plugin-go-template@0.0.15", "", { "dependencies": { "ulid": "^2.3.0" }, "peerDependencies": { "prettier": "^3.0.0" } }, "sha512-WqU92E1NokWYNZ9mLE6ijoRg6LtIGdLMePt2C7UBDjXeDH9okcRI3zRqtnWR4s5AloiqyvZ66jNBAa9tmRY5EQ=="],

    "ulid": ["ulid@2.4.0", "", { "bin": { "ulid": "bin/cli.js" } }, "sha512-fIRiVTJNcSRmXKPZtGzFQv9WRrZ3M9eoptl/teFJvjOzmpU+/K/JH6HZ8deBfb5vMEpicJcLn7JmvdknlMq7Zg=="],
  }
}
